
Microsoft Visual Studio Solution File, Format Version 12.00
Project("{FAE04EC0-301F-11D3-BF4B-00C04F79EFBC}") = "RateChanger", "RateChanger\RateChanger.csproj", "{3FC97F2E-3BEA-4CA8-9454-2B73687CC71D}"
EndProject
Global
	GlobalSection(SolutionConfigurationPlatforms) = preSolution
		Debug|Any CPU = Debug|Any CPU
		Release|Any CPU = Release|Any CPU
	EndGlobalSection
	GlobalSection(ProjectConfigurationPlatforms) = postSolution
		{3FC97F2E-3BEA-4CA8-9454-2B73687CC71D}.Debug|Any CPU.ActiveCfg = Debug|Any CPU
		{3FC97F2E-3BEA-4CA8-9454-2B73687CC71D}.Debug|Any CPU.Build.0 = Debug|Any CPU
		{3FC97F2E-3BEA-4CA8-9454-2B73687CC71D}.Release|Any CPU.ActiveCfg = Release|Any CPU
		{3FC97F2E-3BEA-4CA8-9454-2B73687CC71D}.Release|Any CPU.Build.0 = Release|Any CPU
	EndGlobalSection
EndGlobal
